
Microsoft Visual Studio Solution File, Format Version 12.00
# Visual Studio 15
VisualStudioVersion = 15.0.27004.2008
MinimumVisualStudioVersion = 10.0.40219.1
Project("{FAE04EC0-301F-11D3-BF4B-00C04F79EFBC}") = "gitTest2.Android", "gitTest2\gitTest2.Android\gitTest2.Android.csproj", "{628E2775-D25C-4E46-9A90-C08F098BB436}"
EndProject
Project("{FAE04EC0-301F-11D3-BF4B-00C04F79EFBC}") = "gitTest2", "gitTest2\gitTest2\gitTest2.csproj", "{4913D609-120C-45CF-AF5B-808E534DDFFE}"
EndProject
Project("{FAE04EC0-301F-11D3-BF4B-00C04F79EFBC}") = "gitTest2.UWP", "gitTest2\gitTest2.UWP\gitTest2.UWP.csproj", "{C9D25540-945A-420B-8799-1601CD0962F8}"
EndProject
Project("{FAE04EC0-301F-11D3-BF4B-00C04F79EFBC}") = "gitTest2.iOS", "gitTest2\gitTest2.iOS\gitTest2.iOS.csproj", "{C406146B-A05A-46B2-9330-3A473D235C39}"
EndProject
Global
	GlobalSection(SolutionConfigurationPlatforms) = preSolution
		Ad-Hoc|Any CPU = Ad-Hoc|Any CPU
		Ad-Hoc|ARM = Ad-Hoc|ARM
		Ad-Hoc|iPhone = Ad-Hoc|iPhone
		Ad-Hoc|iPhoneSimulator = Ad-Hoc|iPhoneSimulator
		Ad-Hoc|x64 = Ad-Hoc|x64
		Ad-Hoc|x86 = Ad-Hoc|x86
		AppStore|Any CPU = AppStore|Any CPU
		AppStore|ARM = AppStore|ARM
		AppStore|iPhone = AppStore|iPhone
		AppStore|iPhoneSimulator = AppStore|iPhoneSimulator
		AppStore|x64 = AppStore|x64
		AppStore|x86 = AppStore|x86
		Debug|Any CPU = Debug|Any CPU
		Debug|ARM = Debug|ARM
		Debug|iPhone = Debug|iPhone
		Debug|iPhoneSimulator = Debug|iPhoneSimulator
		Debug|x64 = Debug|x64
		Debug|x86 = Debug|x86
		Release|Any CPU = Release|Any CPU
		Release|ARM = Release|ARM
		Release|iPhone = Release|iPhone
		Release|iPhoneSimulator = Release|iPhoneSimulator
		Release|x64 = Release|x64
		Release|x86 = Release|x86
	EndGlobalSection
	GlobalSection(ProjectConfigurationPlatforms) = postSolution
		{628E2775-D25C-4E46-9A90-C08F098BB436}.Ad-Hoc|Any CPU.ActiveCfg = Release|Any CPU
		{628E2775-D25C-4E46-9A90-C08F098BB436}.Ad-Hoc|Any CPU.Build.0 = Release|Any CPU
		{628E2775-D25C-4E46-9A90-C08F098BB436}.Ad-Hoc|Any CPU.Deploy.0 = Release|Any CPU
		{628E2775-D25C-4E46-9A90-C08F098BB436}.Ad-Hoc|ARM.ActiveCfg = Release|Any CPU
		{628E2775-D25C-4E46-9A90-C08F098BB436}.Ad-Hoc|ARM.Build.0 = Release|Any CPU
		{628E2775-D25C-4E46-9A90-C08F098BB436}.Ad-Hoc|ARM.Deploy.0 = Release|Any CPU
		{628E2775-D25C-4E46-9A90-C08F098BB436}.Ad-Hoc|iPhone.ActiveCfg = Release|Any CPU
		{628E2775-D25C-4E46-9A90-C08F098BB436}.Ad-Hoc|iPhone.Build.0 = Release|Any CPU
		{628E2775-D25C-4E46-9A90-C08F098BB436}.Ad-Hoc|iPhone.Deploy.0 = Release|Any CPU
		{628E2775-D25C-4E46-9A90-C08F098BB436}.Ad-Hoc|iPhoneSimulator.ActiveCfg = Release|Any CPU
		{628E2775-D25C-4E46-9A90-C08F098BB436}.Ad-Hoc|iPhoneSimulator.Build.0 = Release|Any CPU
		{628E2775-D25C-4E46-9A90-C08F098BB436}.Ad-Hoc|iPhoneSimulator.Deploy.0 = Release|Any CPU
		{628E2775-D25C-4E46-9A90-C08F098BB436}.Ad-Hoc|x64.ActiveCfg = Release|Any CPU
		{628E2775-D25C-4E46-9A90-C08F098BB436}.Ad-Hoc|x64.Build.0 = Release|Any CPU
		{628E2775-D25C-4E46-9A90-C08F098BB436}.Ad-Hoc|x64.Deploy.0 = Release|Any CPU
		{628E2775-D25C-4E46-9A90-C08F098BB436}.Ad-Hoc|x86.ActiveCfg = Release|Any CPU
		{628E2775-D25C-4E46-9A90-C08F098BB436}.Ad-Hoc|x86.Build.0 = Release|Any CPU
		{628E2775-D25C-4E46-9A90-C08F098BB436}.Ad-Hoc|x86.Deploy.0 = Release|Any CPU
		{628E2775-D25C-4E46-9A90-C08F098BB436}.AppStore|Any CPU.ActiveCfg = Release|Any CPU
		{628E2775-D25C-4E46-9A90-C08F098BB436}.AppStore|Any CPU.Build.0 = Release|Any CPU
		{628E2775-D25C-4E46-9A90-C08F098BB436}.AppStore|Any CPU.Deploy.0 = Release|Any CPU
		{628E2775-D25C-4E46-9A90-C08F098BB436}.AppStore|ARM.ActiveCfg = Release|Any CPU
		{628E2775-D25C-4E46-9A90-C08F098BB436}.AppStore|ARM.Build.0 = Release|Any CPU
		{628E2775-D25C-4E46-9A90-C08F098BB436}.AppStore|ARM.Deploy.0 = Release|Any CPU
		{628E2775-D25C-4E46-9A90-C08F098BB436}.AppStore|iPhone.ActiveCfg = Release|Any CPU
		{628E2775-D25C-4E46-9A90-C08F098BB436}.AppStore|iPhone.Build.0 = Release|Any CPU
		{628E2775-D25C-4E46-9A90-C08F098BB436}.AppStore|iPhone.Deploy.0 = Release|Any CPU
		{628E2775-D25C-4E46-9A90-C08F098BB436}.AppStore|iPhoneSimulator.ActiveCfg = Release|Any CPU
		{628E2775-D25C-4E46-9A90-C08F098BB436}.AppStore|iPhoneSimulator.Build.0 = Release|Any CPU
		{628E2775-D25C-4E46-9A90-C08F098BB436}.AppStore|iPhoneSimulator.Deploy.0 = Release|Any CPU
		{628E2775-D25C-4E46-9A90-C08F098BB436}.AppStore|x64.ActiveCfg = Release|Any CPU
		{628E2775-D25C-4E46-9A90-C08F098BB436}.AppStore|x64.Build.0 = Release|Any CPU
		{628E2775-D25C-4E46-9A90-C08F098BB436}.AppStore|x64.Deploy.0 = Release|Any CPU
		{628E2775-D25C-4E46-9A90-C08F098BB436}.AppStore|x86.ActiveCfg = Release|Any CPU
		{628E2775-D25C-4E46-9A90-C08F098BB436}.AppStore|x86.Build.0 = Release|Any CPU
		{628E2775-D25C-4E46-9A90-C08F098BB436}.AppStore|x86.Deploy.0 = Release|Any CPU
		{628E2775-D25C-4E46-9A90-C08F098BB436}.Debug|Any CPU.ActiveCfg = Debug|Any CPU
		{628E2775-D25C-4E46-9A90-C08F098BB436}.Debug|Any CPU.Build.0 = Debug|Any CPU
		{628E2775-D25C-4E46-9A90-C08F098BB436}.Debug|Any CPU.Deploy.0 = Debug|Any CPU
		{628E2775-D25C-4E46-9A90-C08F098BB436}.Debug|ARM.ActiveCfg = Debug|Any CPU
		{628E2775-D25C-4E46-9A90-C08F098BB436}.Debug|ARM.Build.0 = Debug|Any CPU
		{628E2775-D25C-4E46-9A90-C08F098BB436}.Debug|ARM.Deploy.0 = Debug|Any CPU
		{628E2775-D25C-4E46-9A90-C08F098BB436}.Debug|iPhone.ActiveCfg = Debug|Any CPU
		{628E2775-D25C-4E46-9A90-C08F098BB436}.Debug|iPhone.Build.0 = Debug|Any CPU
		{628E2775-D25C-4E46-9A90-C08F098BB436}.Debug|iPhone.Deploy.0 = Debug|Any CPU
		{628E2775-D25C-4E46-9A90-C08F098BB436}.Debug|iPhoneSimulator.ActiveCfg = Debug|Any CPU
		{628E2775-D25C-4E46-9A90-C08F098BB436}.Debug|iPhoneSimulator.Build.0 = Debug|Any CPU
		{628E2775-D25C-4E46-9A90-C08F098BB436}.Debug|iPhoneSimulator.Deploy.0 = Debug|Any CPU
		{628E2775-D25C-4E46-9A90-C08F098BB436}.Debug|x64.ActiveCfg = Debug|Any CPU
		{628E2775-D25C-4E46-9A90-C08F098BB436}.Debug|x64.Build.0 = Debug|Any CPU
		{628E2775-D25C-4E46-9A90-C08F098BB436}.Debug|x64.Deploy.0 = Debug|Any CPU
		{628E2775-D25C-4E46-9A90-C08F098BB436}.Debug|x86.ActiveCfg = Debug|Any CPU
		{628E2775-D25C-4E46-9A90-C08F098BB436}.Debug|x86.Build.0 = Debug|Any CPU
		{628E2775-D25C-4E46-9A90-C08F098BB436}.Debug|x86.Deploy.0 = Debug|Any CPU
		{628E2775-D25C-4E46-9A90-C08F098BB436}.Release|Any CPU.ActiveCfg = Release|Any CPU
		{628E2775-D25C-4E46-9A90-C08F098BB436}.Release|Any CPU.Build.0 = Release|Any CPU
		{628E2775-D25C-4E46-9A90-C08F098BB436}.Release|Any CPU.Deploy.0 = Release|Any CPU
		{628E2775-D25C-4E46-9A90-C08F098BB436}.Release|ARM.ActiveCfg = Release|Any CPU
		{628E2775-D25C-4E46-9A90-C08F098BB436}.Release|ARM.Build.0 = Release|Any CPU
		{628E2775-D25C-4E46-9A90-C08F098BB436}.Release|ARM.Deploy.0 = Release|Any CPU
		{628E2775-D25C-4E46-9A90-C08F098BB436}.Release|iPhone.ActiveCfg = Release|Any CPU
		{628E2775-D25C-4E46-9A90-C08F098BB436}.Release|iPhone.Build.0 = Release|Any CPU
		{628E2775-D25C-4E46-9A90-C08F098BB436}.Release|iPhone.Deploy.0 = Release|Any CPU
		{628E2775-D25C-4E46-9A90-C08F098BB436}.Release|iPhoneSimulator.ActiveCfg = Release|Any CPU
		{628E2775-D25C-4E46-9A90-C08F098BB436}.Release|iPhoneSimulator.Build.0 = Release|Any CPU
		{628E2775-D25C-4E46-9A90-C08F098BB436}.Release|iPhoneSimulator.Deploy.0 = Release|Any CPU
		{628E2775-D25C-4E46-9A90-C08F098BB436}.Release|x64.ActiveCfg = Release|Any CPU
		{628E2775-D25C-4E46-9A90-C08F098BB436}.Release|x64.Build.0 = Release|Any CPU
		{628E2775-D25C-4E46-9A90-C08F098BB436}.Release|x64.Deploy.0 = Release|Any CPU
		{628E2775-D25C-4E46-9A90-C08F098BB436}.Release|x86.ActiveCfg = Release|Any CPU
		{628E2775-D25C-4E46-9A90-C08F098BB436}.Release|x86.Build.0 = Release|Any CPU
		{628E2775-D25C-4E46-9A90-C08F098BB436}.Release|x86.Deploy.0 = Release|Any CPU
		{4913D609-120C-45CF-AF5B-808E534DDFFE}.Ad-Hoc|Any CPU.ActiveCfg = Release|Any CPU
		{4913D609-120C-45CF-AF5B-808E534DDFFE}.Ad-Hoc|Any CPU.Build.0 = Release|Any CPU
		{4913D609-120C-45CF-AF5B-808E534DDFFE}.Ad-Hoc|ARM.ActiveCfg = Release|Any CPU
		{4913D609-120C-45CF-AF5B-808E534DDFFE}.Ad-Hoc|ARM.Build.0 = Release|Any CPU
		{4913D609-120C-45CF-AF5B-808E534DDFFE}.Ad-Hoc|iPhone.ActiveCfg = Release|Any CPU
		{4913D609-120C-45CF-AF5B-808E534DDFFE}.Ad-Hoc|iPhone.Build.0 = Release|Any CPU
		{4913D609-120C-45CF-AF5B-808E534DDFFE}.Ad-Hoc|iPhoneSimulator.ActiveCfg = Release|Any CPU
		{4913D609-120C-45CF-AF5B-808E534DDFFE}.Ad-Hoc|iPhoneSimulator.Build.0 = Release|Any CPU
		{4913D609-120C-45CF-AF5B-808E534DDFFE}.Ad-Hoc|x64.ActiveCfg = Release|Any CPU
		{4913D609-120C-45CF-AF5B-808E534DDFFE}.Ad-Hoc|x64.Build.0 = Release|Any CPU
		{4913D609-120C-45CF-AF5B-808E534DDFFE}.Ad-Hoc|x86.ActiveCfg = Release|Any CPU
		{4913D609-120C-45CF-AF5B-808E534DDFFE}.Ad-Hoc|x86.Build.0 = Release|Any CPU
		{4913D609-120C-45CF-AF5B-808E534DDFFE}.AppStore|Any CPU.ActiveCfg = Release|Any CPU
		{4913D609-120C-45CF-AF5B-808E534DDFFE}.AppStore|Any CPU.Build.0 = Release|Any CPU
		{4913D609-120C-45CF-AF5B-808E534DDFFE}.AppStore|ARM.ActiveCfg = Release|Any CPU
		{4913D609-120C-45CF-AF5B-808E534DDFFE}.AppStore|ARM.Build.0 = Release|Any CPU
		{4913D609-120C-45CF-AF5B-808E534DDFFE}.AppStore|iPhone.ActiveCfg = Release|Any CPU
		{4913D609-120C-45CF-AF5B-808E534DDFFE}.AppStore|iPhone.Build.0 = Release|Any CPU
		{4913D609-120C-45CF-AF5B-808E534DDFFE}.AppStore|iPhoneSimulator.ActiveCfg = Release|Any CPU
		{4913D609-120C-45CF-AF5B-808E534DDFFE}.AppStore|iPhoneSimulator.Build.0 = Release|Any CPU
		{4913D609-120C-45CF-AF5B-808E534DDFFE}.AppStore|x64.ActiveCfg = Release|Any CPU
		{4913D609-120C-45CF-AF5B-808E534DDFFE}.AppStore|x64.Build.0 = Release|Any CPU
		{4913D609-120C-45CF-AF5B-808E534DDFFE}.AppStore|x86.ActiveCfg = Release|Any CPU
		{4913D609-120C-45CF-AF5B-808E534DDFFE}.AppStore|x86.Build.0 = Release|Any CPU
		{4913D609-120C-45CF-AF5B-808E534DDFFE}.Debug|Any CPU.ActiveCfg = Debug|Any CPU
		{4913D609-120C-45CF-AF5B-808E534DDFFE}.Debug|Any CPU.Build.0 = Debug|Any CPU
		{4913D609-120C-45CF-AF5B-808E534DDFFE}.Debug|ARM.ActiveCfg = Debug|Any CPU
		{4913D609-120C-45CF-AF5B-808E534DDFFE}.Debug|ARM.Build.0 = Debug|Any CPU
		{4913D609-120C-45CF-AF5B-808E534DDFFE}.Debug|iPhone.ActiveCfg = Debug|Any CPU
		{4913D609-120C-45CF-AF5B-808E534DDFFE}.Debug|iPhone.Build.0 = Debug|Any CPU
		{4913D609-120C-45CF-AF5B-808E534DDFFE}.Debug|iPhoneSimulator.ActiveCfg = Debug|Any CPU
		{4913D609-120C-45CF-AF5B-808E534DDFFE}.Debug|iPhoneSimulator.Build.0 = Debug|Any CPU
		{4913D609-120C-45CF-AF5B-808E534DDFFE}.Debug|x64.ActiveCfg = Debug|Any CPU
		{4913D609-120C-45CF-AF5B-808E534DDFFE}.Debug|x64.Build.0 = Debug|Any CPU
		{4913D609-120C-45CF-AF5B-808E534DDFFE}.Debug|x86.ActiveCfg = Debug|Any CPU
		{4913D609-120C-45CF-AF5B-808E534DDFFE}.Debug|x86.Build.0 = Debug|Any CPU
		{4913D609-120C-45CF-AF5B-808E534DDFFE}.Release|Any CPU.ActiveCfg = Release|Any CPU
		{4913D609-120C-45CF-AF5B-808E534DDFFE}.Release|Any CPU.Build.0 = Release|Any CPU
		{4913D609-120C-45CF-AF5B-808E534DDFFE}.Release|ARM.ActiveCfg = Release|Any CPU
		{4913D609-120C-45CF-AF5B-808E534DDFFE}.Release|ARM.Build.0 = Release|Any CPU
		{4913D609-120C-45CF-AF5B-808E534DDFFE}.Release|iPhone.ActiveCfg = Release|Any CPU
		{4913D609-120C-45CF-AF5B-808E534DDFFE}.Release|iPhone.Build.0 = Release|Any CPU
		{4913D609-120C-45CF-AF5B-808E534DDFFE}.Release|iPhoneSimulator.ActiveCfg = Release|Any CPU
		{4913D609-120C-45CF-AF5B-808E534DDFFE}.Release|iPhoneSimulator.Build.0 = Release|Any CPU
		{4913D609-120C-45CF-AF5B-808E534DDFFE}.Release|x64.ActiveCfg = Release|Any CPU
		{4913D609-120C-45CF-AF5B-808E534DDFFE}.Release|x64.Build.0 = Release|Any CPU
		{4913D609-120C-45CF-AF5B-808E534DDFFE}.Release|x86.ActiveCfg = Release|Any CPU
		{4913D609-120C-45CF-AF5B-808E534DDFFE}.Release|x86.Build.0 = Release|Any CPU
		{C9D25540-945A-420B-8799-1601CD0962F8}.Ad-Hoc|Any CPU.ActiveCfg = Release|x86
		{C9D25540-945A-420B-8799-1601CD0962F8}.Ad-Hoc|Any CPU.Build.0 = Release|x86
		{C9D25540-945A-420B-8799-1601CD0962F8}.Ad-Hoc|Any CPU.Deploy.0 = Release|x86
		{C9D25540-945A-420B-8799-1601CD0962F8}.Ad-Hoc|ARM.ActiveCfg = Release|ARM
		{C9D25540-945A-420B-8799-1601CD0962F8}.Ad-Hoc|ARM.Build.0 = Release|ARM
		{C9D25540-945A-420B-8799-1601CD0962F8}.Ad-Hoc|ARM.Deploy.0 = Release|ARM
		{C9D25540-945A-420B-8799-1601CD0962F8}.Ad-Hoc|iPhone.ActiveCfg = Release|x86
		{C9D25540-945A-420B-8799-1601CD0962F8}.Ad-Hoc|iPhone.Build.0 = Release|x86
		{C9D25540-945A-420B-8799-1601CD0962F8}.Ad-Hoc|iPhone.Deploy.0 = Release|x86
		{C9D25540-945A-420B-8799-1601CD0962F8}.Ad-Hoc|iPhoneSimulator.ActiveCfg = Release|x86
		{C9D25540-945A-420B-8799-1601CD0962F8}.Ad-Hoc|iPhoneSimulator.Build.0 = Release|x86
		{C9D25540-945A-420B-8799-1601CD0962F8}.Ad-Hoc|iPhoneSimulator.Deploy.0 = Release|x86
		{C9D25540-945A-420B-8799-1601CD0962F8}.Ad-Hoc|x64.ActiveCfg = Release|x64
		{C9D25540-945A-420B-8799-1601CD0962F8}.Ad-Hoc|x64.Build.0 = Release|x64
		{C9D25540-945A-420B-8799-1601CD0962F8}.Ad-Hoc|x64.Deploy.0 = Release|x64
		{C9D25540-945A-420B-8799-1601CD0962F8}.Ad-Hoc|x86.ActiveCfg = Release|x86
		{C9D25540-945A-420B-8799-1601CD0962F8}.Ad-Hoc|x86.Build.0 = Release|x86
		{C9D25540-945A-420B-8799-1601CD0962F8}.Ad-Hoc|x86.Deploy.0 = Release|x86
		{C9D25540-945A-420B-8799-1601CD0962F8}.AppStore|Any CPU.ActiveCfg = Release|x86
		{C9D25540-945A-420B-8799-1601CD0962F8}.AppStore|Any CPU.Build.0 = Release|x86
		{C9D25540-945A-420B-8799-1601CD0962F8}.AppStore|Any CPU.Deploy.0 = Release|x86
		{C9D25540-945A-420B-8799-1601CD0962F8}.AppStore|ARM.ActiveCfg = Release|ARM
		{C9D25540-945A-420B-8799-1601CD0962F8}.AppStore|ARM.Build.0 = Release|ARM
		{C9D25540-945A-420B-8799-1601CD0962F8}.AppStore|ARM.Deploy.0 = Release|ARM
		{C9D25540-945A-420B-8799-1601CD0962F8}.AppStore|iPhone.ActiveCfg = Release|x86
		{C9D25540-945A-420B-8799-1601CD0962F8}.AppStore|iPhone.Build.0 = Release|x86
		{C9D25540-945A-420B-8799-1601CD0962F8}.AppStore|iPhone.Deploy.0 = Release|x86
		{C9D25540-945A-420B-8799-1601CD0962F8}.AppStore|iPhoneSimulator.ActiveCfg = Release|x86
		{C9D25540-945A-420B-8799-1601CD0962F8}.AppStore|iPhoneSimulator.Build.0 = Release|x86
		{C9D25540-945A-420B-8799-1601CD0962F8}.AppStore|iPhoneSimulator.Deploy.0 = Release|x86
		{C9D25540-945A-420B-8799-1601CD0962F8}.AppStore|x64.ActiveCfg = Release|x64
		{C9D25540-945A-420B-8799-1601CD0962F8}.AppStore|x64.Build.0 = Release|x64
		{C9D25540-945A-420B-8799-1601CD0962F8}.AppStore|x64.Deploy.0 = Release|x64
		{C9D25540-945A-420B-8799-1601CD0962F8}.AppStore|x86.ActiveCfg = Release|x86
		{C9D25540-945A-420B-8799-1601CD0962F8}.AppStore|x86.Build.0 = Release|x86
		{C9D25540-945A-420B-8799-1601CD0962F8}.AppStore|x86.Deploy.0 = Release|x86
		{C9D25540-945A-420B-8799-1601CD0962F8}.Debug|Any CPU.ActiveCfg = Debug|x86
		{C9D25540-945A-420B-8799-1601CD0962F8}.Debug|ARM.ActiveCfg = Debug|ARM
		{C9D25540-945A-420B-8799-1601CD0962F8}.Debug|ARM.Build.0 = Debug|ARM
		{C9D25540-945A-420B-8799-1601CD0962F8}.Debug|ARM.Deploy.0 = Debug|ARM
		{C9D25540-945A-420B-8799-1601CD0962F8}.Debug|iPhone.ActiveCfg = Debug|x86
		{C9D25540-945A-420B-8799-1601CD0962F8}.Debug|iPhoneSimulator.ActiveCfg = Debug|x86
		{C9D25540-945A-420B-8799-1601CD0962F8}.Debug|x64.ActiveCfg = Debug|x64
		{C9D25540-945A-420B-8799-1601CD0962F8}.Debug|x64.Build.0 = Debug|x64
		{C9D25540-945A-420B-8799-1601CD0962F8}.Debug|x64.Deploy.0 = Debug|x64
		{C9D25540-945A-420B-8799-1601CD0962F8}.Debug|x86.ActiveCfg = Debug|x86
		{C9D25540-945A-420B-8799-1601CD0962F8}.Debug|x86.Build.0 = Debug|x86
		{C9D25540-945A-420B-8799-1601CD0962F8}.Debug|x86.Deploy.0 = Debug|x86
		{C9D25540-945A-420B-8799-1601CD0962F8}.Release|Any CPU.ActiveCfg = Release|x86
		{C9D25540-945A-420B-8799-1601CD0962F8}.Release|ARM.ActiveCfg = Release|ARM
		{C9D25540-945A-420B-8799-1601CD0962F8}.Release|ARM.Build.0 = Release|ARM
		{C9D25540-945A-420B-8799-1601CD0962F8}.Release|ARM.Deploy.0 = Release|ARM
		{C9D25540-945A-420B-8799-1601CD0962F8}.Release|iPhone.ActiveCfg = Release|x86
		{C9D25540-945A-420B-8799-1601CD0962F8}.Release|iPhoneSimulator.ActiveCfg = Release|x86
		{C9D25540-945A-420B-8799-1601CD0962F8}.Release|x64.ActiveCfg = Release|x64
		{C9D25540-945A-420B-8799-1601CD0962F8}.Release|x64.Build.0 = Release|x64
		{C9D25540-945A-420B-8799-1601CD0962F8}.Release|x64.Deploy.0 = Release|x64
		{C9D25540-945A-420B-8799-1601CD0962F8}.Release|x86.ActiveCfg = Release|x86
		{C9D25540-945A-420B-8799-1601CD0962F8}.Release|x86.Build.0 = Release|x86
		{C9D25540-945A-420B-8799-1601CD0962F8}.Release|x86.Deploy.0 = Release|x86
		{C406146B-A05A-46B2-9330-3A473D235C39}.Ad-Hoc|Any CPU.ActiveCfg = Ad-Hoc|iPhoneSimulator
		{C406146B-A05A-46B2-9330-3A473D235C39}.Ad-Hoc|ARM.ActiveCfg = Ad-Hoc|iPhone
		{C406146B-A05A-46B2-9330-3A473D235C39}.Ad-Hoc|iPhone.ActiveCfg = Ad-Hoc|iPhone
		{C406146B-A05A-46B2-9330-3A473D235C39}.Ad-Hoc|iPhone.Build.0 = Ad-Hoc|iPhone
		{C406146B-A05A-46B2-9330-3A473D235C39}.Ad-Hoc|iPhoneSimulator.ActiveCfg = Ad-Hoc|iPhoneSimulator
		{C406146B-A05A-46B2-9330-3A473D235C39}.Ad-Hoc|iPhoneSimulator.Build.0 = Ad-Hoc|iPhoneSimulator
		{C406146B-A05A-46B2-9330-3A473D235C39}.Ad-Hoc|x64.ActiveCfg = Ad-Hoc|iPhone
		{C406146B-A05A-46B2-9330-3A473D235C39}.Ad-Hoc|x86.ActiveCfg = Ad-Hoc|iPhone
		{C406146B-A05A-46B2-9330-3A473D235C39}.AppStore|Any CPU.ActiveCfg = AppStore|iPhoneSimulator
		{C406146B-A05A-46B2-9330-3A473D235C39}.AppStore|ARM.ActiveCfg = AppStore|iPhone
		{C406146B-A05A-46B2-9330-3A473D235C39}.AppStore|iPhone.ActiveCfg = AppStore|iPhone
		{C406146B-A05A-46B2-9330-3A473D235C39}.AppStore|iPhone.Build.0 = AppStore|iPhone
		{C406146B-A05A-46B2-9330-3A473D235C39}.AppStore|iPhoneSimulator.ActiveCfg = AppStore|iPhoneSimulator
		{C406146B-A05A-46B2-9330-3A473D235C39}.AppStore|iPhoneSimulator.Build.0 = AppStore|iPhoneSimulator
		{C406146B-A05A-46B2-9330-3A473D235C39}.AppStore|x64.ActiveCfg = AppStore|iPhone
		{C406146B-A05A-46B2-9330-3A473D235C39}.AppStore|x86.ActiveCfg = AppStore|iPhone
		{C406146B-A05A-46B2-9330-3A473D235C39}.Debug|Any CPU.ActiveCfg = Debug|iPhoneSimulator
		{C406146B-A05A-46B2-9330-3A473D235C39}.Debug|ARM.ActiveCfg = Debug|iPhone
		{C406146B-A05A-46B2-9330-3A473D235C39}.Debug|iPhone.ActiveCfg = Debug|iPhone
		{C406146B-A05A-46B2-9330-3A473D235C39}.Debug|iPhone.Build.0 = Debug|iPhone
		{C406146B-A05A-46B2-9330-3A473D235C39}.Debug|iPhoneSimulator.ActiveCfg = Debug|iPhoneSimulator
		{C406146B-A05A-46B2-9330-3A473D235C39}.Debug|iPhoneSimulator.Build.0 = Debug|iPhoneSimulator
		{C406146B-A05A-46B2-9330-3A473D235C39}.Debug|x64.ActiveCfg = Debug|iPhone
		{C406146B-A05A-46B2-9330-3A473D235C39}.Debug|x86.ActiveCfg = Debug|iPhone
		{C406146B-A05A-46B2-9330-3A473D235C39}.Release|Any CPU.ActiveCfg = Release|iPhoneSimulator
		{C406146B-A05A-46B2-9330-3A473D235C39}.Release|ARM.ActiveCfg = Release|iPhone
		{C406146B-A05A-46B2-9330-3A473D235C39}.Release|iPhone.ActiveCfg = Release|iPhone
		{C406146B-A05A-46B2-9330-3A473D235C39}.Release|iPhone.Build.0 = Release|iPhone
		{C406146B-A05A-46B2-9330-3A473D235C39}.Release|iPhoneSimulator.ActiveCfg = Release|iPhoneSimulator
		{C406146B-A05A-46B2-9330-3A473D235C39}.Release|iPhoneSimulator.Build.0 = Release|iPhoneSimulator
		{C406146B-A05A-46B2-9330-3A473D235C39}.Release|x64.ActiveCfg = Release|iPhone
		{C406146B-A05A-46B2-9330-3A473D235C39}.Release|x86.ActiveCfg = Release|iPhone
	EndGlobalSection
	GlobalSection(SolutionProperties) = preSolution
		HideSolutionNode = FALSE
	EndGlobalSection
	GlobalSection(ExtensibilityGlobals) = postSolution
		SolutionGuid = {2161F850-A3F7-4CA7-B689-6999800DA0CA}
	EndGlobalSection
EndGlobal
